Microsoft Visual Studio Solution File, Format Version 12.00
# Visual Studio Version 17
VisualStudioVersion = 17.0.31919.166
MinimumVisualStudioVersion = 10.0.40219.1
Project("{9A19103F-16F7-4668-BE54-9A1E7A4F7556}") = "APEX-WMS", "APEX-WMS.csproj", "{7C8F5E3A-9B2D-4C1F-8A7E-6D5C4B3A2F1E}"
EndProject
Global
	GlobalSection(SolutionConfigurationPlatforms) = preSolution
		Debug|Any CPU = Debug|Any CPU
		Release|Any CPU = Release|Any CPU
	EndGlobalSection
	GlobalSection(ProjectConfigurationPlatforms) = postSolution
		{7C8F5E3A-9B2D-4C1F-8A7E-6D5C4B3A2F1E}.Debug|Any CPU.ActiveCfg = Debug|Any CPU
		{7C8F5E3A-9B2D-4C1F-8A7E-6D5C4B3A2F1E}.Debug|Any CPU.Build.0 = Debug|Any CPU
		{7C8F5E3A-9B2D-4C1F-8A7E-6D5C4B3A2F1E}.Release|Any CPU.ActiveCfg = Release|Any CPU
		{7C8F5E3A-9B2D-4C1F-8A7E-6D5C4B3A2F1E}.Release|Any CPU.Build.0 = Release|Any CPU
	EndGlobalSection
EndGlobal
